
Microsoft Visual Studio Solution File, Format Version 12.00
# Visual Studio Version 16
VisualStudioVersion = 16.0.31729.503
MinimumVisualStudioVersion = 10.0.40219.1
Project("{FAE04EC0-301F-11D3-BF4B-00C04F79EFBC}") = "UserRegistration2", "UserRegistration2.csproj", "{0BEFCCDF-FA61-45FF-905E-0DEB01951107}"
EndProject
Global
	GlobalSection(SolutionConfigurationPlatforms) = preSolution
		Debug|Any CPU = Debug|Any CPU
		Release|Any CPU = Release|Any CPU
	EndGlobalSection
	GlobalSection(ProjectConfigurationPlatforms) = postSolution
		{0BEFCCDF-FA61-45FF-905E-0DEB01951107}.Debug|Any CPU.ActiveCfg = Debug|Any CPU
		{0BEFCCDF-FA61-45FF-905E-0DEB01951107}.Debug|Any CPU.Build.0 = Debug|Any CPU
		{0BEFCCDF-FA61-45FF-905E-0DEB01951107}.Release|Any CPU.ActiveCfg = Release|Any CPU
		{0BEFCCDF-FA61-45FF-905E-0DEB01951107}.Release|Any CPU.Build.0 = Release|Any CPU
	EndGlobalSection
	GlobalSection(SolutionProperties) = preSolution
		HideSolutionNode = FALSE
	EndGlobalSection
	GlobalSection(ExtensibilityGlobals) = postSolution
		SolutionGuid = {3B4E0D2D-7FD9-4A27-A128-7DEE2B0BA775}
	EndGlobalSection
EndGlobal
