
Microsoft Visual Studio Solution File, Format Version 12.00
# Visual Studio Version 16
VisualStudioVersion = 16.0.31729.503
MinimumVisualStudioVersion = 10.0.40219.1
Project("{FAE04EC0-301F-11D3-BF4B-00C04F79EFBC}") = "UserRegistration4", "UserRegistration4.csproj", "{28138004-A9B1-4E31-8EAE-2038A13E995D}"
EndProject
Global
	GlobalSection(SolutionConfigurationPlatforms) = preSolution
		Debug|Any CPU = Debug|Any CPU
		Release|Any CPU = Release|Any CPU
	EndGlobalSection
	GlobalSection(ProjectConfigurationPlatforms) = postSolution
		{28138004-A9B1-4E31-8EAE-2038A13E995D}.Debug|Any CPU.ActiveCfg = Debug|Any CPU
		{28138004-A9B1-4E31-8EAE-2038A13E995D}.Debug|Any CPU.Build.0 = Debug|Any CPU
		{28138004-A9B1-4E31-8EAE-2038A13E995D}.Release|Any CPU.ActiveCfg = Release|Any CPU
		{28138004-A9B1-4E31-8EAE-2038A13E995D}.Release|Any CPU.Build.0 = Release|Any CPU
	EndGlobalSection
	GlobalSection(SolutionProperties) = preSolution
		HideSolutionNode = FALSE
	EndGlobalSection
	GlobalSection(ExtensibilityGlobals) = postSolution
		SolutionGuid = {0DBC8A27-2E83-43D1-A56E-581FAE2E8FF0}
	EndGlobalSection
EndGlobal
